
Microsoft Visual Studio Solution File, Format Version 12.00
# Visual Studio Version 17
VisualStudioVersion = 17.0.31903.59
MinimumVisualStudioVersion = 10.0.40219.1
Project("{2150E333-8FDC-42A3-9474-1A3956D46DE8}") = "src", "src", "{470E5850-173F-4052-8721-04F937685433}"
EndProject
Project("{FAE04EC0-301F-11D3-BF4B-00C04F79EFBC}") = "RapidTakeoff.Core", "src\RapidTakeoff.Core\RapidTakeoff.Core.csproj", "{1E73E321-9EA3-462C-8C0E-A0418F2F975B}"
EndProject
Project("{2150E333-8FDC-42A3-9474-1A3956D46DE8}") = "tests", "tests", "{697E66C4-E19E-4B5A-BB97-49B74DD99524}"
EndProject
Project("{FAE04EC0-301F-11D3-BF4B-00C04F79EFBC}") = "RapidTakeoff.Core.Tests", "tests\RapidTakeoff.Core.Tests\RapidTakeoff.Core.Tests.csproj", "{9E8036DF-2BF4-410C-96F6-066DB53E329C}"
EndProject
Project("{FAE04EC0-301F-11D3-BF4B-00C04F79EFBC}") = "RapidTakeoff.Cli", "src\RapidTakeoff.Cli\RapidTakeoff.Cli.csproj", "{B406DC71-4483-4CBF-B841-AD380417D421}"
EndProject
Project("{FAE04EC0-301F-11D3-BF4B-00C04F79EFBC}") = "RapidTakeoff.Rendering", "src\RapidTakeoff.Rendering\RapidTakeoff.Rendering.csproj", "{C1014228-5761-4B2C-9EB0-5BBC01A8B7C8}"
EndProject
Project("{FAE04EC0-301F-11D3-BF4B-00C04F79EFBC}") = "RapidTakeoff.Rendering.Tests", "tests\RapidTakeoff.Rendering.Tests\RapidTakeoff.Rendering.Tests.csproj", "{5AB02ED9-7AF6-4D71-B922-97C61ECCDB38}"
EndProject
Global
	GlobalSection(SolutionConfigurationPlatforms) = preSolution
		Debug|Any CPU = Debug|Any CPU
		Release|Any CPU = Release|Any CPU
	EndGlobalSection
	GlobalSection(SolutionProperties) = preSolution
		HideSolutionNode = FALSE
	EndGlobalSection
	GlobalSection(ProjectConfigurationPlatforms) = postSolution
		{1E73E321-9EA3-462C-8C0E-A0418F2F975B}.Debug|Any CPU.ActiveCfg = Debug|Any CPU
		{1E73E321-9EA3-462C-8C0E-A0418F2F975B}.Debug|Any CPU.Build.0 = Debug|Any CPU
		{1E73E321-9EA3-462C-8C0E-A0418F2F975B}.Release|Any CPU.ActiveCfg = Release|Any CPU
		{1E73E321-9EA3-462C-8C0E-A0418F2F975B}.Release|Any CPU.Build.0 = Release|Any CPU
		{9E8036DF-2BF4-410C-96F6-066DB53E329C}.Debug|Any CPU.ActiveCfg = Debug|Any CPU
		{9E8036DF-2BF4-410C-96F6-066DB53E329C}.Debug|Any CPU.Build.0 = Debug|Any CPU
		{9E8036DF-2BF4-410C-96F6-066DB53E329C}.Release|Any CPU.ActiveCfg = Release|Any CPU
		{9E8036DF-2BF4-410C-96F6-066DB53E329C}.Release|Any CPU.Build.0 = Release|Any CPU
		{B406DC71-4483-4CBF-B841-AD380417D421}.Debug|Any CPU.ActiveCfg = Debug|Any CPU
		{B406DC71-4483-4CBF-B841-AD380417D421}.Debug|Any CPU.Build.0 = Debug|Any CPU
		{B406DC71-4483-4CBF-B841-AD380417D421}.Release|Any CPU.ActiveCfg = Release|Any CPU
		{B406DC71-4483-4CBF-B841-AD380417D421}.Release|Any CPU.Build.0 = Release|Any CPU
		{C1014228-5761-4B2C-9EB0-5BBC01A8B7C8}.Debug|Any CPU.ActiveCfg = Debug|Any CPU
		{C1014228-5761-4B2C-9EB0-5BBC01A8B7C8}.Debug|Any CPU.Build.0 = Debug|Any CPU
		{C1014228-5761-4B2C-9EB0-5BBC01A8B7C8}.Release|Any CPU.ActiveCfg = Release|Any CPU
		{C1014228-5761-4B2C-9EB0-5BBC01A8B7C8}.Release|Any CPU.Build.0 = Release|Any CPU
		{5AB02ED9-7AF6-4D71-B922-97C61ECCDB38}.Debug|Any CPU.ActiveCfg = Debug|Any CPU
		{5AB02ED9-7AF6-4D71-B922-97C61ECCDB38}.Debug|Any CPU.Build.0 = Debug|Any CPU
		{5AB02ED9-7AF6-4D71-B922-97C61ECCDB38}.Release|Any CPU.ActiveCfg = Release|Any CPU
		{5AB02ED9-7AF6-4D71-B922-97C61ECCDB38}.Release|Any CPU.Build.0 = Release|Any CPU
	EndGlobalSection
	GlobalSection(NestedProjects) = preSolution
		{1E73E321-9EA3-462C-8C0E-A0418F2F975B} = {470E5850-173F-4052-8721-04F937685433}
		{9E8036DF-2BF4-410C-96F6-066DB53E329C} = {697E66C4-E19E-4B5A-BB97-49B74DD99524}
		{B406DC71-4483-4CBF-B841-AD380417D421} = {470E5850-173F-4052-8721-04F937685433}
		{C1014228-5761-4B2C-9EB0-5BBC01A8B7C8} = {470E5850-173F-4052-8721-04F937685433}
		{5AB02ED9-7AF6-4D71-B922-97C61ECCDB38} = {697E66C4-E19E-4B5A-BB97-49B74DD99524}
	EndGlobalSection
EndGlobal
